
Microsoft Visual Studio Solution File, Format Version 12.00
# Visual Studio Version 17
VisualStudioVersion = 17.10.35013.160
MinimumVisualStudioVersion = 10.0.40219.1
Project("{FAE04EC0-301F-11D3-BF4B-00C04F79EFBC}") = "SurgicallyExtractPsylinkNeuroformer", "SurgicallyExtractPsylinkNeuroformer\SurgicallyExtractPsylinkNeuroformer.csproj", "{E8D6434A-0DD2-4950-84E5-1B5096BE89A7}"
EndProject
Global
	GlobalSection(SolutionConfigurationPlatforms) = preSolution
		Debug|Any CPU = Debug|Any CPU
		Release|Any CPU = Release|Any CPU
	EndGlobalSection
	GlobalSection(ProjectConfigurationPlatforms) = postSolution
		{E8D6434A-0DD2-4950-84E5-1B5096BE89A7}.Debug|Any CPU.ActiveCfg = Debug|Any CPU
		{E8D6434A-0DD2-4950-84E5-1B5096BE89A7}.Debug|Any CPU.Build.0 = Debug|Any CPU
		{E8D6434A-0DD2-4950-84E5-1B5096BE89A7}.Release|Any CPU.ActiveCfg = Release|Any CPU
		{E8D6434A-0DD2-4950-84E5-1B5096BE89A7}.Release|Any CPU.Build.0 = Release|Any CPU
	EndGlobalSection
	GlobalSection(SolutionProperties) = preSolution
		HideSolutionNode = FALSE
	EndGlobalSection
	GlobalSection(ExtensibilityGlobals) = postSolution
		SolutionGuid = {D9282B77-1CA3-477E-9E65-50E41B2D4221}
	EndGlobalSection
EndGlobal
